# This file was autogenerated by Stack.
# You should not edit this file by hand.
# For more information, please see the documentation at:
#   https://docs.haskellstack.org/en/stable/lock_files

packages:
- completed:
    subdir: beam-postgres
    name: beam-postgres
    version: 0.5.0.0
    git: https://github.com/juspay/beam
    pantry-tree:
      size: 2507
      sha256: 704819878bd1e02b745ca12ae53e061103dafaa00eba94bb41747447fadea7cd
    commit: 47f62de4cbfafe13891846ef795609b6f8050729
  original:
    subdir: beam-postgres
    git: https://github.com/juspay/beam
    commit: 47f62de4cbfafe13891846ef795609b6f8050729
- completed:
    subdir: beam-migrate
    name: beam-migrate
    version: 0.5.0.0
    git: https://github.com/juspay/beam
    pantry-tree:
      size: 1825
      sha256: 3ef904145e6e05e2f1cf6558e40f109f2751f08d2f8ce446f4e43ab70675936b
    commit: 47f62de4cbfafe13891846ef795609b6f8050729
  original:
    subdir: beam-migrate
    git: https://github.com/juspay/beam
    commit: 47f62de4cbfafe13891846ef795609b6f8050729
- completed:
    subdir: beam-core
    name: beam-core
    version: 0.9.0.0
    git: https://github.com/juspay/beam
    pantry-tree:
      size: 2623
      sha256: 365f420adf34642df7ffac56f80a578da48b3bebfac140748f3e163f83b4e37c
    commit: 47f62de4cbfafe13891846ef795609b6f8050729
  original:
    subdir: beam-core
    git: https://github.com/juspay/beam
    commit: 47f62de4cbfafe13891846ef795609b6f8050729
snapshots:
- completed:
    size: 524804
    url: https://raw.githubusercontent.com/commercialhaskell/stackage-snapshots/master/lts/14/16.yaml
    sha256: 4d1519a4372d051d47a5eae2241cf3fb54e113d7475f89707ddb6ec06add2888
  original: lts-14.16
